
Microsoft Visual Studio Solution File, Format Version 12.00
# Visual Studio Version 16
VisualStudioVersion = 16.0.30002.166
MinimumVisualStudioVersion = 10.0.40219.1
Project("{FAE04EC0-301F-11D3-BF4B-00C04F79EFBC}") = "HelloWorld", "HelloWorld\HelloWorld.csproj", "{87DD5D77-A1BE-43AA-B739-38231DBD3232}"
EndProject
Global
	GlobalSection(SolutionConfigurationPlatforms) = preSolution
		Debug|Any CPU = Debug|Any CPU
		Release|Any CPU = Release|Any CPU
	EndGlobalSection
	GlobalSection(ProjectConfigurationPlatforms) = postSolution
		{87DD5D77-A1BE-43AA-B739-38231DBD3232}.Debug|Any CPU.ActiveCfg = Debug|Any CPU
		{87DD5D77-A1BE-43AA-B739-38231DBD3232}.Debug|Any CPU.Build.0 = Debug|Any CPU
		{87DD5D77-A1BE-43AA-B739-38231DBD3232}.Release|Any CPU.ActiveCfg = Release|Any CPU
		{87DD5D77-A1BE-43AA-B739-38231DBD3232}.Release|Any CPU.Build.0 = Release|Any CPU
	EndGlobalSection
	GlobalSection(SolutionProperties) = preSolution
		HideSolutionNode = FALSE
	EndGlobalSection
	GlobalSection(ExtensibilityGlobals) = postSolution
		SolutionGuid = {7D40830E-164C-41AF-92FB-93328D77C085}
	EndGlobalSection
EndGlobal
